PODS:
  - DGActivityIndicatorView (2.1.1)
  - Masonry (1.1.0)
  - pop (1.0.12)

DEPENDENCIES:
  - DGActivityIndicatorView
  - Masonry
  - pop

SPEC REPOS:
  https://github.com/cocoapods/specs.git:
    - DGActivityIndicatorView
    - Masonry
    - pop

SPEC CHECKSUMS:
  DGActivityIndicatorView: ff2c76073d79692f724863c8dd38685866a03cb6
  Masonry: 678fab65091a9290e40e2832a55e7ab731aad201
  pop: d582054913807fd11fd50bfe6a539d91c7e1a55a

PODFILE CHECKSUM: 93178ffe4be11faa07a763aa94952a1f2760e86e

COCOAPODS: 1.6.1
